
Microsoft Visual Studio Solution File, Format Version 12.00
# Visual Studio Version 17
VisualStudioVersion = 17.8.34525.116
MinimumVisualStudioVersion = 10.0.40219.1
Project("{FAE04EC0-301F-11D3-BF4B-00C04F79EFBC}") = "JobPortal", "JobPortal\JobPortal.csproj", "{05C8B478-F1B1-459F-AF5F-2E04C52CE1C2}"
EndProject
Global
	GlobalSection(SolutionConfigurationPlatforms) = preSolution
		Debug|Any CPU = Debug|Any CPU
		Release|Any CPU = Release|Any CPU
	EndGlobalSection
	GlobalSection(ProjectConfigurationPlatforms) = postSolution
		{05C8B478-F1B1-459F-AF5F-2E04C52CE1C2}.Debug|Any CPU.ActiveCfg = Debug|Any CPU
		{05C8B478-F1B1-459F-AF5F-2E04C52CE1C2}.Debug|Any CPU.Build.0 = Debug|Any CPU
		{05C8B478-F1B1-459F-AF5F-2E04C52CE1C2}.Release|Any CPU.ActiveCfg = Release|Any CPU
		{05C8B478-F1B1-459F-AF5F-2E04C52CE1C2}.Release|Any CPU.Build.0 = Release|Any CPU
	EndGlobalSection
	GlobalSection(SolutionProperties) = preSolution
		HideSolutionNode = FALSE
	EndGlobalSection
	GlobalSection(ExtensibilityGlobals) = postSolution
		SolutionGuid = {AB1FE1C4-BED1-4F84-8A69-AA933157DA12}
	EndGlobalSection
EndGlobal
